
Microsoft Visual Studio Solution File, Format Version 12.00
# Visual Studio Version 17
VisualStudioVersion = 17.9.34701.34
MinimumVisualStudioVersion = 10.0.40219.1
Project("{00D1A9C2-B5F0-4AF3-8072-F6C62B433612}") = "HRManagement", "HRManagement\HRManagement.sqlproj", "{E0058F2C-99E1-4A61-A827-746B8DBDA166}"
EndProject
Global
	GlobalSection(SolutionConfigurationPlatforms) = preSolution
		Debug|Any CPU = Debug|Any CPU
		Release|Any CPU = Release|Any CPU
	EndGlobalSection
	GlobalSection(ProjectConfigurationPlatforms) = postSolution
		{E0058F2C-99E1-4A61-A827-746B8DBDA166}.Debug|Any CPU.ActiveCfg = Debug|Any CPU
		{E0058F2C-99E1-4A61-A827-746B8DBDA166}.Debug|Any CPU.Build.0 = Debug|Any CPU
		{E0058F2C-99E1-4A61-A827-746B8DBDA166}.Debug|Any CPU.Deploy.0 = Debug|Any CPU
		{E0058F2C-99E1-4A61-A827-746B8DBDA166}.Release|Any CPU.ActiveCfg = Release|Any CPU
		{E0058F2C-99E1-4A61-A827-746B8DBDA166}.Release|Any CPU.Build.0 = Release|Any CPU
		{E0058F2C-99E1-4A61-A827-746B8DBDA166}.Release|Any CPU.Deploy.0 = Release|Any CPU
	EndGlobalSection
	GlobalSection(SolutionProperties) = preSolution
		HideSolutionNode = FALSE
	EndGlobalSection
	GlobalSection(ExtensibilityGlobals) = postSolution
		SolutionGuid = {87272372-AE0D-4042-8013-63E9FF5D8F4B}
	EndGlobalSection
EndGlobal
